
Microsoft Visual Studio Solution File, Format Version 12.00
# Visual Studio Version 17
VisualStudioVersion = 17.1.32210.238
MinimumVisualStudioVersion = 10.0.40219.1
Project("{FAE04EC0-301F-11D3-BF4B-00C04F79EFBC}") = "SignalRChat", "SignalRChat\SignalRChat.csproj", "{24B8AA72-B918-438D-87D6-5FDB85308316}"
EndProject
Global
	GlobalSection(SolutionConfigurationPlatforms) = preSolution
		Debug|Any CPU = Debug|Any CPU
		Release|Any CPU = Release|Any CPU
	EndGlobalSection
	GlobalSection(ProjectConfigurationPlatforms) = postSolution
		{24B8AA72-B918-438D-87D6-5FDB85308316}.Debug|Any CPU.ActiveCfg = Debug|Any CPU
		{24B8AA72-B918-438D-87D6-5FDB85308316}.Debug|Any CPU.Build.0 = Debug|Any CPU
		{24B8AA72-B918-438D-87D6-5FDB85308316}.Release|Any CPU.ActiveCfg = Release|Any CPU
		{24B8AA72-B918-438D-87D6-5FDB85308316}.Release|Any CPU.Build.0 = Release|Any CPU
	EndGlobalSection
	GlobalSection(SolutionProperties) = preSolution
		HideSolutionNode = FALSE
	EndGlobalSection
	GlobalSection(ExtensibilityGlobals) = postSolution
		SolutionGuid = {443A8168-9F4F-4A35-91B4-B96D50FB61D2}
	EndGlobalSection
EndGlobal
